
Microsoft Visual Studio Solution File, Format Version 12.00
# Visual Studio Version 17
VisualStudioVersion = 17.14.36414.22 d17.14
MinimumVisualStudioVersion = 10.0.40219.1
Project("{FAE04EC0-301F-11D3-BF4B-00C04F79EFBC}") = "Kiosk", "Kiosk\Kiosk.csproj", "{464272FA-97AE-4935-B8D8-B67A7E99CB3D}"
EndProject
Global
	GlobalSection(SolutionConfigurationPlatforms) = preSolution
		Debug|Any CPU = Debug|Any CPU
		Release|Any CPU = Release|Any CPU
	EndGlobalSection
	GlobalSection(ProjectConfigurationPlatforms) = postSolution
		{464272FA-97AE-4935-B8D8-B67A7E99CB3D}.Debug|Any CPU.ActiveCfg = Debug|Any CPU
		{464272FA-97AE-4935-B8D8-B67A7E99CB3D}.Debug|Any CPU.Build.0 = Debug|Any CPU
		{464272FA-97AE-4935-B8D8-B67A7E99CB3D}.Release|Any CPU.ActiveCfg = Release|Any CPU
		{464272FA-97AE-4935-B8D8-B67A7E99CB3D}.Release|Any CPU.Build.0 = Release|Any CPU
	EndGlobalSection
	GlobalSection(SolutionProperties) = preSolution
		HideSolutionNode = FALSE
	EndGlobalSection
	GlobalSection(ExtensibilityGlobals) = postSolution
		SolutionGuid = {722A1EC1-497C-4FCE-852F-6DAC3FD1489A}
	EndGlobalSection
EndGlobal
